lockfileVersion: 5.3

specifiers:
  '@rollup/plugin-image': ^2.1.1
  rimraf: ^3.0.2
  rollup: ^2.62.0
  rollup-plugin-terser: ^7.0.2
  rollup-plugin-ts: ^2.0.5
  tslib: ^2.3.1
  typescript: ^4.5.4

devDependencies:
  '@rollup/plugin-image': 2.1.1_rollup@2.62.0
  rimraf: 3.0.2
  rollup: 2.62.0
  rollup-plugin-terser: 7.0.2_rollup@2.62.0
  rollup-plugin-ts: 2.0.5_rollup@2.62.0+typescript@4.5.4
  tslib: 2.3.1
  typescript: 4.5.4

packages:

  /@babel/code-frame/7.16.0:
    resolution: {integrity: sha512-IF4EOMEV+bfYwOmNxGzSnjR2EmQod7f1UXOpZM3l4i4o4QNwzjtJAu/HxdjHq0aYBvdqMuQEY1eg0nqW9ZPORA==}
    engines: {node: '>=6.9.0'}
    dependencies:
      '@babel/highlight': 7.16.0
    dev: true

  /@babel/helper-validator-identifier/7.15.7:
    resolution: {integrity: sha512-K4JvCtQqad9OY2+yTU8w+E82ywk/fe+ELNlt1G8z3bVGlZfn/hOcQQsUhGhW/N+tb3fxK800wLtKOE/aM0m72w==}
    engines: {node: '>=6.9.0'}
    dev: true

  /@babel/highlight/7.16.0:
    resolution: {integrity: sha512-t8MH41kUQylBtu2+4IQA3atqevA2lRgqA2wyVB/YiWmsDSuylZZuXOUy9ric30hfzauEFfdsuk/eXTRrGrfd0g==}
    engines: {node: '>=6.9.0'}
    dependencies:
      '@babel/helper-validator-identifier': 7.15.7
      chalk: 2.4.2
      js-tokens: 4.0.0
    dev: true

  /@mdn/browser-compat-data/4.1.7:
    resolution: {integrity: sha512-rOxg9jU9L3PrwhHI5DEqKOARt/gCXku/j3RvaEfP8hxeMI6bh0Ov1TqcgoajA/D01PXKTuLfEYvF3kWuheRB7w==}
    dev: true

  /@rollup/plugin-image/2.1.1_rollup@2.62.0:
    resolution: {integrity: sha512-AgP4U85zuQJdUopLUCM+hTf45RepgXeTb8EJsleExVy99dIoYpt3ZlDYJdKmAc2KLkNntCDg6BPJvgJU3uGF+g==}
    engines: {node: '>= 8.0.0'}
    peerDependencies:
      rollup: ^1.20.0 || ^2.0.0
    dependencies:
      '@rollup/pluginutils': 3.1.0_rollup@2.62.0
      mini-svg-data-uri: 1.4.3
      rollup: 2.62.0
    dev: true

  /@rollup/pluginutils/3.1.0_rollup@2.62.0:
    resolution: {integrity: sha512-GksZ6pr6TpIjHm8h9lSQ8pi8BE9VeubNT0OMJ3B5uZJ8pz73NPiqOtCog/x2/QzM1ENChPKxMDhiQuRHsqc+lg==}
    engines: {node: '>= 8.0.0'}
    peerDependencies:
      rollup: ^1.20.0||^2.0.0
    dependencies:
      '@types/estree': 0.0.39
      estree-walker: 1.0.1
      picomatch: 2.3.0
      rollup: 2.62.0
    dev: true

  /@rollup/pluginutils/4.1.2:
    resolution: {integrity: sha512-ROn4qvkxP9SyPeHaf7uQC/GPFY6L/OWy9+bd9AwcjOAWQwxRscoEyAUD8qCY5o5iL4jqQwoLk2kaTKJPb/HwzQ==}
    engines: {node: '>= 8.0.0'}
    dependencies:
      estree-walker: 2.0.2
      picomatch: 2.3.0
    dev: true

  /@types/estree/0.0.39:
    resolution: {integrity: sha512-EYNwp3bU+98cpU4lAWYYL7Zz+2gryWH1qbdDTidVd6hkiR6weksdbMadyXKXNPEkQFhXM+hVO9ZygomHXp+AIw==}
    dev: true

  /@types/node/16.11.24:
    resolution: {integrity: sha512-Ezv33Rl4mIi6YdSHfIRNBd4Q9kUe5okiaw/ikvJiJDmuQZNW5kfdg7+oQPF8NO6sTcr3woIpj3jANzTXdvEZXA==}
    dev: true

  /@types/node/17.0.5:
    resolution: {integrity: sha512-w3mrvNXLeDYV1GKTZorGJQivK6XLCoGwpnyJFbJVK/aTBQUxOCaa/GlFAAN3OTDFcb7h5tiFG+YXCO2By+riZw==}
    dev: true

  /@types/object-path/0.11.1:
    resolution: {integrity: sha512-219LSCO9HPcoXcRTC6DbCs0FRhZgBnEMzf16RRqkT40WbkKx3mOeQuz3e2XqbfhOz/AHfbru0kzB1n1RCAsIIg==}
    dev: true

  /@types/semver/7.3.9:
    resolution: {integrity: sha512-L/TMpyURfBkf+o/526Zb6kd/tchUP3iBDEPjqjb+U2MAJhVRxxrmr2fwpe08E7QsV7YLcpq0tUaQ9O9x97ZIxQ==}
    dev: true

  /@types/ua-parser-js/0.7.36:
    resolution: {integrity: sha512-N1rW+njavs70y2cApeIw1vLMYXRwfBy+7trgavGuuTfOd7j1Yh7QTRc/yqsPl6ncokt72ZXuxEU0PiCp9bSwNQ==}
    dev: true

  /@wessberg/stringutil/1.0.19:
    resolution: {integrity: sha512-9AZHVXWlpN8Cn9k5BC/O0Dzb9E9xfEMXzYrNunwvkUTvuK7xgQPVRZpLo+jWCOZ5r8oBa8NIrHuPEu1hzbb6bg==}
    engines: {node: '>=8.0.0'}
    dev: true

  /ansi-styles/3.2.1:
    resolution: {integrity: sha512-VT0ZI6kZRdTh8YyJw3SMbYm/u+NqfsAxEpWO0Pf9sq8/e94WxxOpPKx9FR1FlyCtOVDNOQ+8ntlqFxiRc+r5qA==}
    engines: {node: '>=4'}
    dependencies:
      color-convert: 1.9.3
    dev: true

  /ansi-styles/4.3.0:
    resolution: {integrity: sha512-zbB9rCJAT1rbjiVDb2hqKFHNYLxgtk8NURxZ3IZwD3F6NtxbXZQCnnSi1Lkx+IDohdPlFp222wVALIheZJQSEg==}
    engines: {node: '>=8'}
    dependencies:
      color-convert: 2.0.1
    dev: true

  /balanced-match/1.0.2:
    resolution: {integrity: sha512-3oSeUO0TMV67hN1AmbXsK4yaqU7tjiHlbxRDZOpH0KW9+CeX4bRAaX0Anxt0tx2MrpRpWwQaPwIlISEJhYU5Pw==}
    dev: true

  /brace-expansion/1.1.11:
    resolution: {integrity: sha512-iCuPHDFgrHX7H2vEI/5xpz07zSHB00TpugqhmYtVmMO6518mCuRMoOYFldEBl0g187ufozdaHgWKcYFb61qGiA==}
    dependencies:
      balanced-match: 1.0.2
      concat-map: 0.0.1
    dev: true

  /browserslist-generator/1.0.65:
    resolution: {integrity: sha512-2+p27BTZ0T6fGAn57IZOoGRTDqIhaHVPHWTg5ZejMA/SKaQG1ChvfOnb9sxqRwLMUGtrUXbX0QQA7H1s6oQh0A==}
    engines: {node: '>=8.0.0'}
    dependencies:
      '@mdn/browser-compat-data': 4.1.7
      '@types/object-path': 0.11.1
      '@types/semver': 7.3.9
      '@types/ua-parser-js': 0.7.36
      browserslist: 4.18.1
      caniuse-lite: 1.0.30001311
      isbot: 3.3.4
      object-path: 0.11.8
      semver: 7.3.5
      ua-parser-js: 1.0.2
    dev: true

  /browserslist/4.18.1:
    resolution: {integrity: sha512-8ScCzdpPwR2wQh8IT82CA2VgDwjHyqMovPBZSNH54+tm4Jk2pCuv90gmAdH6J84OCRWi0b4gMe6O6XPXuJnjgQ==}
    engines: {node: ^6 || ^7 || ^8 || ^9 || ^10 || ^11 || ^12 || >=13.7}
    hasBin: true
    dependencies:
      caniuse-lite: 1.0.30001311
      electron-to-chromium: 1.4.68
      escalade: 3.1.1
      node-releases: 2.0.2
      picocolors: 1.0.0
    dev: true

  /browserslist/4.19.1:
    resolution: {integrity: sha512-u2tbbG5PdKRTUoctO3NBD8FQ5HdPh1ZXPHzp1rwaa5jTc+RV9/+RlWiAIKmjRPQF+xbGM9Kklj5bZQFa2s/38A==}
    engines: {node: ^6 || ^7 || ^8 || ^9 || ^10 || ^11 || ^12 || >=13.7}
    hasBin: true
    dependencies:
      caniuse-lite: 1.0.30001311
      electron-to-chromium: 1.4.68
      escalade: 3.1.1
      node-releases: 2.0.2
      picocolors: 1.0.0
    dev: true

  /buffer-from/1.1.2:
    resolution: {integrity: sha512-E+XQCRwSbaaiChtv6k6Dwgc+bx+Bs6vuKJHHl5kox/BaKbhiXzqQOwK4cO22yElGp2OCmjwVhT3HmxgyPGnJfQ==}
    dev: true

  /caniuse-lite/1.0.30001311:
    resolution: {integrity: sha512-mleTFtFKfykEeW34EyfhGIFjGCqzhh38Y0LhdQ9aWF+HorZTtdgKV/1hEE0NlFkG2ubvisPV6l400tlbPys98A==}
    dev: true

  /chalk/2.4.2:
    resolution: {integrity: sha512-Mti+f9lpJNcwF4tWV8/OrTTtF1gZi+f8FqlyAdouralcFWFQWF2+NgCHShjkCb+IFBLq9buZwE1xckQU4peSuQ==}
    engines: {node: '>=4'}
    dependencies:
      ansi-styles: 3.2.1
      escape-string-regexp: 1.0.5
      supports-color: 5.5.0
    dev: true

  /chalk/4.1.2:
    resolution: {integrity: sha512-oKnbhFyRIXpUuez8iBMmyEa4nbj4IOQyuhc/wy9kY7/WVPcwIO9VA668Pu8RkO7+0G76SLROeyw9CpQ061i4mA==}
    engines: {node: '>=10'}
    dependencies:
      ansi-styles: 4.3.0
      supports-color: 7.2.0
    dev: true

  /color-convert/1.9.3:
    resolution: {integrity: sha512-QfAUtd+vFdAtFQcC8CCyYt1fYWxSqAiK2cSD6zDB8N3cpsEBAvRxp9zOGg6G/SHHJYAT88/az/IuDGALsNVbGg==}
    dependencies:
      color-name: 1.1.3
    dev: true

  /color-convert/2.0.1:
    resolution: {integrity: sha512-RRECPsj7iu/xb5oKYcsFHSppFNnsj/52OVTRKb4zP5onXwVF3zVmmToNcOfGC+CRDpfK/U584fMg38ZHCaElKQ==}
    engines: {node: '>=7.0.0'}
    dependencies:
      color-name: 1.1.4
    dev: true

  /color-name/1.1.3:
    resolution: {integrity: sha1-p9BVi9icQveV3UIyj3QIMcpTvCU=}
    dev: true

  /color-name/1.1.4:
    resolution: {integrity: sha512-dOy+3AuW3a2wNbZHIuMZpTcgjGuLU/uBL/ubcZF9OXbDo8ff4O8yVp5Bf0efS8uEoYo5q4Fx7dY9OgQGXgAsQA==}
    dev: true

  /commander/2.20.3:
    resolution: {integrity: sha512-GpVkmM8vF2vQUkj2LvZmD35JxeJOLCwJ9cUkugyk2nuhbv3+mJvpLYYt+0+USMxE+oj+ey/lJEnhZw75x/OMcQ==}
    dev: true

  /compatfactory/0.0.12_typescript@4.5.4:
    resolution: {integrity: sha512-DD5S1s2mIoVIpYfhCqNZPbOFlt9JDLkXc4d8fAZaeWWIsl7w3bmVS0HNlUkU2SB6iZOdXOjYZgeJZClmL1xnRg==}
    engines: {node: '>=10.0.0'}
    peerDependencies:
      typescript: '>=3.x || >= 4.x'
    dependencies:
      helpertypes: 0.0.17
      typescript: 4.5.4
    dev: true

  /concat-map/0.0.1:
    resolution: {integrity: sha1-2Klr13/Wjfd5OnMDajug1UBdR3s=}
    dev: true

  /crosspath/1.0.0:
    resolution: {integrity: sha512-mpjkSErNO6vioL/Cde2aF4UBysPFEMyn+1AN1t7Oc4yqvzSRWe8iBte4P8BHyjo64OmC+ZBxwjIqmpSpIWiQ7Q==}
    engines: {node: '>=10.0.0'}
    dependencies:
      '@types/node': 16.11.24
    dev: true

  /electron-to-chromium/1.4.68:
    resolution: {integrity: sha512-cId+QwWrV8R1UawO6b9BR1hnkJ4EJPCPAr4h315vliHUtVUJDk39Sg1PMNnaWKfj5x+93ssjeJ9LKL6r8LaMiA==}
    dev: true

  /escalade/3.1.1:
    resolution: {integrity: sha512-k0er2gUkLf8O0zKJiAhmkTnJlTvINGv7ygDNPbeIsX/TJjGJZHuh9B2UxbsaEkmlEo9MfhrSzmhIlhRlI2GXnw==}
    engines: {node: '>=6'}
    dev: true

  /escape-string-regexp/1.0.5:
    resolution: {integrity: sha1-G2HAViGQqN/2rjuyzwIAyhMLhtQ=}
    engines: {node: '>=0.8.0'}
    dev: true

  /estree-walker/1.0.1:
    resolution: {integrity: sha512-1fMXF3YP4pZZVozF8j/ZLfvnR8NSIljt56UhbZ5PeeDmmGHpgpdwQt7ITlGvYaQukCvuBRMLEiKiYC+oeIg4cg==}
    dev: true

  /estree-walker/2.0.2:
    resolution: {integrity: sha512-Rfkk/Mp/DL7JVje3u18FxFujQlTNR2q6QfMSMB7AvCBx91NGj/ba3kCfza0f6dVDbw7YlRf/nDrn7pQrCCyQ/w==}
    dev: true

  /fs.realpath/1.0.0:
    resolution: {integrity: sha1-FQStJSMVjKpA20onh8sBQRmU6k8=}
    dev: true

  /fsevents/2.3.2:
    resolution: {integrity: sha512-xiqMQR4xAeHTuB9uWm+fFRcIOgKBMiOBP+eXiyT7jsgVCq1bkVygt00oASowB7EdtpOHaaPgKt812P9ab+DDKA==}
    engines: {node: ^8.16.0 || ^10.6.0 || >=11.0.0}
    os: [darwin]
    requiresBuild: true
    dev: true
    optional: true

  /glob/7.2.0:
    resolution: {integrity: sha512-lmLf6gtyrPq8tTjSmrO94wBeQbFR3HbLHbuyD69wuyQkImp2hWqMGB47OX65FBkPffO641IP9jWa1z4ivqG26Q==}
    dependencies:
      fs.realpath: 1.0.0
      inflight: 1.0.6
      inherits: 2.0.4
      minimatch: 3.0.5
      once: 1.4.0
      path-is-absolute: 1.0.1
    dev: true

  /has-flag/3.0.0:
    resolution: {integrity: sha1-tdRU3CGZriJWmfNGfloH87lVuv0=}
    engines: {node: '>=4'}
    dev: true

  /has-flag/4.0.0:
    resolution: {integrity: sha512-EykJT/Q1KjTWctppgIAgfSO0tKVuZUjhgMr17kqTumMl6Afv3EISleU7qZUzoXDFTAHTDC4NOoG/ZxU3EvlMPQ==}
    engines: {node: '>=8'}
    dev: true

  /helpertypes/0.0.17:
    resolution: {integrity: sha512-muWKRSBsqN3MzqLdh82QfV7vWWwAYvHh3On87z898X+xZ5H2tPRQ5Y6hHA3BXSE+TueztA07iw5bInjwAT3x8A==}
    engines: {node: '>=10.0.0'}
    dev: true

  /inflight/1.0.6:
    resolution: {integrity: sha1-Sb1jMdfQLQwJvJEKEHW6gWW1bfk=}
    dependencies:
      once: 1.4.0
      wrappy: 1.0.2
    dev: true

  /inherits/2.0.4:
    resolution: {integrity: sha512-k/vGaX4/Yla3WzyMCvTQOXYeIHvqOKtnqBduzTHpzpQZzAskKMhZ2K+EnBiSM9zGSoIFeMpXKxa4dYeZIQqewQ==}
    dev: true

  /isbot/3.3.4:
    resolution: {integrity: sha512-a6o/e6nBMoRGvoovg5NT2r/N7S4398yCDXc6HgEOILdBAjYv05SX1MBhgc8SHnEJdRyLfOpAPqc10ezLWkj7rQ==}
    engines: {node: '>=12'}
    dev: true

  /jest-worker/26.6.2:
    resolution: {integrity: sha512-KWYVV1c4i+jbMpaBC+U++4Va0cp8OisU185o73T1vo99hqi7w8tSJfUXYswwqqrjzwxa6KpRK54WhPvwf5w6PQ==}
    engines: {node: '>= 10.13.0'}
    dependencies:
      '@types/node': 17.0.5
      merge-stream: 2.0.0
      supports-color: 7.2.0
    dev: true

  /js-tokens/4.0.0:
    resolution: {integrity: sha512-RdJUflcE3cUzKiMqQgsCu06FPu9UdIJO0beYbPhHN4k6apgJtifcoCtT9bcxOpYBtpD2kCM6Sbzg4CausW/PKQ==}
    dev: true

  /lru-cache/6.0.0:
    resolution: {integrity: sha512-Jo6dJ04CmSjuznwJSS3pUeWmd/H0ffTlkXXgwZi+eq1UCmqQwCh+eLsYOYCwY991i2Fah4h1BEMCx4qThGbsiA==}
    engines: {node: '>=10'}
    dependencies:
      yallist: 4.0.0
    dev: true

  /magic-string/0.25.7:
    resolution: {integrity: sha512-4CrMT5DOHTDk4HYDlzmwu4FVCcIYI8gauveasrdCu2IKIFOJ3f0v/8MDGJCDL9oD2ppz/Av1b0Nj345H9M+XIA==}
    dependencies:
      sourcemap-codec: 1.4.8
    dev: true

  /merge-stream/2.0.0:
    resolution: {integrity: sha512-abv/qOcuPfk3URPfDzmZU1LKmuw8kT+0nIHvKrKgFrwifol/doWcdA4ZqsWQ8ENrFKkd67Mfpo/LovbIUsbt3w==}
    dev: true

  /mini-svg-data-uri/1.4.3:
    resolution: {integrity: sha512-gSfqpMRC8IxghvMcxzzmMnWpXAChSA+vy4cia33RgerMS8Fex95akUyQZPbxJJmeBGiGmK7n/1OpUX8ksRjIdA==}
    hasBin: true
    dev: true

  /minimatch/3.0.5:
    resolution: {integrity: sha512-tUpxzX0VAzJHjLu0xUfFv1gwVp9ba3IOuRAVH2EGuRW8a5emA2FlACLqiT/lDVtS1W+TGNwqz3sWaNyLgDJWuw==}
    dependencies:
      brace-expansion: 1.1.11
    dev: true

  /node-releases/2.0.2:
    resolution: {integrity: sha512-XxYDdcQ6eKqp/YjI+tb2C5WM2LgjnZrfYg4vgQt49EK268b6gYCHsBLrK2qvJo4FmCtqmKezb0WZFK4fkrZNsg==}
    dev: true

  /object-path/0.11.8:
    resolution: {integrity: sha512-YJjNZrlXJFM42wTBn6zgOJVar9KFJvzx6sTWDte8sWZF//cnjl0BxHNpfZx+ZffXX63A9q0b1zsFiBX4g4X5KA==}
    engines: {node: '>= 10.12.0'}
    dev: true

  /once/1.4.0:
    resolution: {integrity: sha1-WDsap3WWHUsROsF9nFC6753Xa9E=}
    dependencies:
      wrappy: 1.0.2
    dev: true

  /path-is-absolute/1.0.1:
    resolution: {integrity: sha1-F0uSaHNVNP+8es5r9TpanhtcX18=}
    engines: {node: '>=0.10.0'}
    dev: true

  /picocolors/1.0.0:
    resolution: {integrity: sha512-1fygroTLlHu66zi26VoTDv8yRgm0Fccecssto+MhsZ0D/DGW2sm8E8AjW7NU5VVTRt5GxbeZ5qBuJr+HyLYkjQ==}
    dev: true

  /picomatch/2.3.0:
    resolution: {integrity: sha512-lY1Q/PiJGC2zOv/z391WOTD+Z02bCgsFfvxoXXf6h7kv9o+WmsmzYqrAwY63sNgOxE4xEdq0WyUnXfKeBrSvYw==}
    engines: {node: '>=8.6'}
    dev: true

  /randombytes/2.1.0:
    resolution: {integrity: sha512-vYl3iOX+4CKUWuxGi9Ukhie6fsqXqS9FE2Zaic4tNFD2N2QQaXOMFbuKK4QmDHC0JO6B1Zp41J0LpT0oR68amQ==}
    dependencies:
      safe-buffer: 5.2.1
    dev: true

  /rimraf/3.0.2:
    resolution: {integrity: sha512-JZkJMZkAGFFPP2YqXZXPbMlMBgsxzE8ILs4lMIX/2o0L9UBw9O/Y3o6wFw/i9YLapcUJWwqbi3kdxIPdC62TIA==}
    hasBin: true
    dependencies:
      glob: 7.2.0
    dev: true

  /rollup-plugin-terser/7.0.2_rollup@2.62.0:
    resolution: {integrity: sha512-w3iIaU4OxcF52UUXiZNsNeuXIMDvFrr+ZXK6bFZ0Q60qyVfq4uLptoS4bbq3paG3x216eQllFZX7zt6TIImguQ==}
    peerDependencies:
      rollup: ^2.0.0
    dependencies:
      '@babel/code-frame': 7.16.0
      jest-worker: 26.6.2
      rollup: 2.62.0
      serialize-javascript: 4.0.0
      terser: 5.10.0
    transitivePeerDependencies:
      - acorn
    dev: true

  /rollup-plugin-ts/2.0.5_rollup@2.62.0+typescript@4.5.4:
    resolution: {integrity: sha512-yLfu46XsheAEDs+OxCMnHszble9pYwGYDML82lpMw3x/65kgwd9UQSkPX0HZGk+6L+MN8hFgqeh+SPmv+uOz1w==}
    engines: {node: '>=10.0.0', npm: '>=7.0.0', pnpm: '>=3.2.0', yarn: '>=1.13'}
    peerDependencies:
      '@babel/core': '>=6.x || >=7.x'
      '@babel/plugin-transform-runtime': '>=6.x || >=7.x'
      '@babel/preset-env': '>=6.x || >=7.x'
      '@babel/runtime': '>=6.x || >=7.x'
      '@swc/core': '>=1.x'
      '@swc/helpers': '>=0.2'
      rollup: '>=1.x || >=2.x'
      typescript: '>=3.2.x || >= 4.x'
    peerDependenciesMeta:
      '@babel/core':
        optional: true
      '@babel/plugin-transform-runtime':
        optional: true
      '@babel/preset-env':
        optional: true
      '@babel/runtime':
        optional: true
      '@swc/core':
        optional: true
      '@swc/helpers':
        optional: true
    dependencies:
      '@rollup/pluginutils': 4.1.2
      '@wessberg/stringutil': 1.0.19
      browserslist: 4.19.1
      browserslist-generator: 1.0.65
      chalk: 4.1.2
      compatfactory: 0.0.12_typescript@4.5.4
      crosspath: 1.0.0
      magic-string: 0.25.7
      rollup: 2.62.0
      ts-clone-node: 0.3.30_typescript@4.5.4
      tslib: 2.3.1
      typescript: 4.5.4
    dev: true

  /rollup/2.62.0:
    resolution: {integrity: sha512-cJEQq2gwB0GWMD3rYImefQTSjrPYaC6s4J9pYqnstVLJ1CHa/aZNVkD4Epuvg4iLeMA4KRiq7UM7awKK6j7jcw==}
    engines: {node: '>=10.0.0'}
    hasBin: true
    optionalDependencies:
      fsevents: 2.3.2
    dev: true

  /safe-buffer/5.2.1:
    resolution: {integrity: sha512-rp3So07KcdmmKbGvgaNxQSJr7bGVSVk5S9Eq1F+ppbRo70+YeaDxkw5Dd8NPN+GD6bjnYm2VuPuCXmpuYvmCXQ==}
    dev: true

  /semver/7.3.5:
    resolution: {integrity: sha512-PoeGJYh8HK4BTO/a9Tf6ZG3veo/A7ZVsYrSA6J8ny9nb3B1VrpkuN+z9OE5wfE5p6H4LchYZsegiQgbJD94ZFQ==}
    engines: {node: '>=10'}
    hasBin: true
    dependencies:
      lru-cache: 6.0.0
    dev: true

  /serialize-javascript/4.0.0:
    resolution: {integrity: sha512-GaNA54380uFefWghODBWEGisLZFj00nS5ACs6yHa9nLqlLpVLO8ChDGeKRjZnV4Nh4n0Qi7nhYZD/9fCPzEqkw==}
    dependencies:
      randombytes: 2.1.0
    dev: true

  /source-map-support/0.5.21:
    resolution: {integrity: sha512-uBHU3L3czsIyYXKX88fdrGovxdSCoTGDRZ6SYXtSRxLZUzHg5P/66Ht6uoUlHu9EZod+inXhKo3qQgwXUT/y1w==}
    dependencies:
      buffer-from: 1.1.2
      source-map: 0.6.1
    dev: true

  /source-map/0.6.1:
    resolution: {integrity: sha512-UjgapumWlbMhkBgzT7Ykc5YXUT46F0iKu8SGXq0bcwP5dz/h0Plj6enJqjz1Zbq2l5WaqYnrVbwWOWMyF3F47g==}
    engines: {node: '>=0.10.0'}
    dev: true

  /source-map/0.7.3:
    resolution: {integrity: sha512-CkCj6giN3S+n9qrYiBTX5gystlENnRW5jZeNLHpe6aue+SrHcG5VYwujhW9s4dY31mEGsxBDrHR6oI69fTXsaQ==}
    engines: {node: '>= 8'}
    dev: true

  /sourcemap-codec/1.4.8:
    resolution: {integrity: sha512-9NykojV5Uih4lgo5So5dtw+f0JgJX30KCNI8gwhz2J9A15wD0Ml6tjHKwf6fTSa6fAdVBdZeNOs9eJ71qCk8vA==}
    dev: true

  /supports-color/5.5.0:
    resolution: {integrity: sha512-QjVjwdXIt408MIiAqCX4oUKsgU2EqAGzs2Ppkm4aQYbjm+ZEWEcW4SfFNTr4uMNZma0ey4f5lgLrkB0aX0QMow==}
    engines: {node: '>=4'}
    dependencies:
      has-flag: 3.0.0
    dev: true

  /supports-color/7.2.0:
    resolution: {integrity: sha512-qpCAvRl9stuOHveKsn7HncJRvv501qIacKzQlO/+Lwxc9+0q2wLyv4Dfvt80/DPn2pqOBsJdDiogXGR9+OvwRw==}
    engines: {node: '>=8'}
    dependencies:
      has-flag: 4.0.0
    dev: true

  /terser/5.10.0:
    resolution: {integrity: sha512-AMmF99DMfEDiRJfxfY5jj5wNH/bYO09cniSqhfoyxc8sFoYIgkJy86G04UoZU5VjlpnplVu0K6Tx6E9b5+DlHA==}
    engines: {node: '>=10'}
    hasBin: true
    peerDependencies:
      acorn: ^8.5.0
    peerDependenciesMeta:
      acorn:
        optional: true
    dependencies:
      commander: 2.20.3
      source-map: 0.7.3
      source-map-support: 0.5.21
    dev: true

  /ts-clone-node/0.3.30_typescript@4.5.4:
    resolution: {integrity: sha512-T9RLibxk0UBHelLUnSIZNyTxlPzcEk+KFFLXBUAG9YFJ3gPOYRrgD/RHnrlAxwEJ9Gq5S/iB8m3tcuTKtgf5Rw==}
    engines: {node: '>=10.0.0'}
    peerDependencies:
      typescript: ^3.x || ^4.x
    dependencies:
      compatfactory: 0.0.12_typescript@4.5.4
      typescript: 4.5.4
    dev: true

  /tslib/2.3.1:
    resolution: {integrity: sha512-77EbyPPpMz+FRFRuAFlWMtmgUWGe9UOG2Z25NqCwiIjRhOf5iKGuzSe5P2w1laq+FkRy4p+PCuVkJSGkzTEKVw==}
    dev: true

  /typescript/4.5.4:
    resolution: {integrity: sha512-VgYs2A2QIRuGphtzFV7aQJduJ2gyfTljngLzjpfW9FoYZF6xuw1W0vW9ghCKLfcWrCFxK81CSGRAvS1pn4fIUg==}
    engines: {node: '>=4.2.0'}
    hasBin: true
    dev: true

  /ua-parser-js/1.0.2:
    resolution: {integrity: sha512-00y/AXhx0/SsnI51fTc0rLRmafiGOM4/O+ny10Ps7f+j/b8p/ZY11ytMgznXkOVo4GQ+KwQG5UQLkLGirsACRg==}
    dev: true

  /wrappy/1.0.2:
    resolution: {integrity: sha1-tSQ9jz7BqjXxNkYFvA0QNuMKtp8=}
    dev: true

  /yallist/4.0.0:
    resolution: {integrity: sha512-3wdGidZyq5PB084XLES5TpOSRA3wjXAlIWMhum2kRcv/41Sn2emQ0dycQW4uZXLejwKvg6EsvbdlVL+FYEct7A==}
    dev: true
